
Microsoft Visual Studio Solution File, Format Version 12.00
# Visual Studio Version 16
VisualStudioVersion = 16.0.33801.447
MinimumVisualStudioVersion = 10.0.40219.1
Project("{FAE04EC0-301F-11D3-BF4B-00C04F79EFBC}") = "CSharpLearning", "CSharpLearning\CSharpLearning.csproj", "{DA357969-249D-4AD0-BFDF-CBC9B43DD857}"
EndProject
Global
	GlobalSection(SolutionConfigurationPlatforms) = preSolution
		Debug|Any CPU = Debug|Any CPU
		Release|Any CPU = Release|Any CPU
	EndGlobalSection
	GlobalSection(ProjectConfigurationPlatforms) = postSolution
		{DA357969-249D-4AD0-BFDF-CBC9B43DD857}.Debug|Any CPU.ActiveCfg = Debug|Any CPU
		{DA357969-249D-4AD0-BFDF-CBC9B43DD857}.Debug|Any CPU.Build.0 = Debug|Any CPU
		{DA357969-249D-4AD0-BFDF-CBC9B43DD857}.Release|Any CPU.ActiveCfg = Release|Any CPU
		{DA357969-249D-4AD0-BFDF-CBC9B43DD857}.Release|Any CPU.Build.0 = Release|Any CPU
	EndGlobalSection
	GlobalSection(SolutionProperties) = preSolution
		HideSolutionNode = FALSE
	EndGlobalSection
	GlobalSection(ExtensibilityGlobals) = postSolution
		SolutionGuid = {217E59C3-9D37-455B-9B53-6E278295CCB6}
	EndGlobalSection
EndGlobal
